
Microsoft Visual Studio Solution File, Format Version 12.00
# Visual Studio 14
VisualStudioVersion = 14.0.25123.0
MinimumVisualStudioVersion = 10.0.40219.1
Project("{FAE04EC0-301F-11D3-BF4B-00C04F79EFBC}") = "Download via Browser", "Source\Download via Browser.csproj", "{63CAAC3C-D00E-4962-B0C0-1EEE9C996160}"
EndProject
Project("{FAE04EC0-301F-11D3-BF4B-00C04F79EFBC}") = "GCGCommon", "..\GCG Common\GCGCommon.csproj", "{66360C67-DE8F-43C4-B4DF-8581B98F6323}"
EndProject
Global
	GlobalSection(SolutionConfigurationPlatforms) = preSolution
		Debug|Any CPU = Debug|Any CPU
		Debug|Mixed Platforms = Debug|Mixed Platforms
		Debug|x64 = Debug|x64
		Debug|x86 = Debug|x86
	EndGlobalSection
	GlobalSection(ProjectConfigurationPlatforms) = postSolution
		{63CAAC3C-D00E-4962-B0C0-1EEE9C996160}.Debug|Any CPU.ActiveCfg = Debug|Any CPU
		{63CAAC3C-D00E-4962-B0C0-1EEE9C996160}.Debug|Any CPU.Build.0 = Debug|Any CPU
		{63CAAC3C-D00E-4962-B0C0-1EEE9C996160}.Debug|Mixed Platforms.ActiveCfg = Debug|x86
		{63CAAC3C-D00E-4962-B0C0-1EEE9C996160}.Debug|Mixed Platforms.Build.0 = Debug|x86
		{63CAAC3C-D00E-4962-B0C0-1EEE9C996160}.Debug|x64.ActiveCfg = Debug|Any CPU
		{63CAAC3C-D00E-4962-B0C0-1EEE9C996160}.Debug|x64.Build.0 = Debug|Any CPU
		{63CAAC3C-D00E-4962-B0C0-1EEE9C996160}.Debug|x86.ActiveCfg = Debug|Any CPU
		{66360C67-DE8F-43C4-B4DF-8581B98F6323}.Debug|Any CPU.ActiveCfg = Debug|Any CPU
		{66360C67-DE8F-43C4-B4DF-8581B98F6323}.Debug|Any CPU.Build.0 = Debug|Any CPU
		{66360C67-DE8F-43C4-B4DF-8581B98F6323}.Debug|Mixed Platforms.ActiveCfg = Debug|x86
		{66360C67-DE8F-43C4-B4DF-8581B98F6323}.Debug|Mixed Platforms.Build.0 = Debug|x86
		{66360C67-DE8F-43C4-B4DF-8581B98F6323}.Debug|x64.ActiveCfg = Debug|x64
		{66360C67-DE8F-43C4-B4DF-8581B98F6323}.Debug|x64.Build.0 = Debug|x64
		{66360C67-DE8F-43C4-B4DF-8581B98F6323}.Debug|x86.ActiveCfg = Debug|x86
		{66360C67-DE8F-43C4-B4DF-8581B98F6323}.Debug|x86.Build.0 = Debug|x86
	EndGlobalSection
	GlobalSection(SolutionProperties) = preSolution
		HideSolutionNode = FALSE
	EndGlobalSection
EndGlobal
