
Microsoft Visual Studio Solution File, Format Version 11.00
# Visual Studio 2010
Project("{FAE04EC0-301F-11D3-BF4B-00C04F79EFBC}") = "GCG Janitor", "Source\GCG Janitor.csproj", "{9C10A1D7-3D98-4ACE-B649-E644F9F7AC05}"
EndProject
Project("{FAE04EC0-301F-11D3-BF4B-00C04F79EFBC}") = "GCGCommon", "..\GCG Common\GCGCommon.csproj", "{66360C67-DE8F-43C4-B4DF-8581B98F6323}"
EndProject
Global
	GlobalSection(SolutionConfigurationPlatforms) = preSolution
		Debug|Any CPU = Debug|Any CPU
		Debug|x86 = Debug|x86
		Release|Any CPU = Release|Any CPU
		Release|x86 = Release|x86
	EndGlobalSection
	GlobalSection(ProjectConfigurationPlatforms) = postSolution
		{9C10A1D7-3D98-4ACE-B649-E644F9F7AC05}.Debug|Any CPU.ActiveCfg = Debug|Any CPU
		{9C10A1D7-3D98-4ACE-B649-E644F9F7AC05}.Debug|Any CPU.Build.0 = Debug|Any CPU
		{9C10A1D7-3D98-4ACE-B649-E644F9F7AC05}.Debug|x86.ActiveCfg = Debug|x86
		{9C10A1D7-3D98-4ACE-B649-E644F9F7AC05}.Debug|x86.Build.0 = Debug|x86
		{9C10A1D7-3D98-4ACE-B649-E644F9F7AC05}.Release|Any CPU.ActiveCfg = Release|Any CPU
		{9C10A1D7-3D98-4ACE-B649-E644F9F7AC05}.Release|Any CPU.Build.0 = Release|Any CPU
		{9C10A1D7-3D98-4ACE-B649-E644F9F7AC05}.Release|x86.ActiveCfg = Release|x86
		{9C10A1D7-3D98-4ACE-B649-E644F9F7AC05}.Release|x86.Build.0 = Release|x86
		{66360C67-DE8F-43C4-B4DF-8581B98F6323}.Debug|Any CPU.ActiveCfg = Debug|Any CPU
		{66360C67-DE8F-43C4-B4DF-8581B98F6323}.Debug|Any CPU.Build.0 = Debug|Any CPU
		{66360C67-DE8F-43C4-B4DF-8581B98F6323}.Debug|x86.ActiveCfg = Debug|x86
		{66360C67-DE8F-43C4-B4DF-8581B98F6323}.Release|Any CPU.ActiveCfg = Release|Any CPU
		{66360C67-DE8F-43C4-B4DF-8581B98F6323}.Release|Any CPU.Build.0 = Release|Any CPU
		{66360C67-DE8F-43C4-B4DF-8581B98F6323}.Release|x86.ActiveCfg = Release|Any CPU
	EndGlobalSection
	GlobalSection(SolutionProperties) = preSolution
		HideSolutionNode = FALSE
	EndGlobalSection
EndGlobal
